{
  "name": "short",
  "version": "1.0.0",
  "lockfileVersion": 3,
  "requires": true,
  "packages": {
    "": {
      "name": "short",
      "version": "1.0.0",
      "license": "ISC",
      "devDependencies": {
        "lightningcss": "^1.25.0",
        "lightningcss-cli": "^1.25.0"
      }
    },
    "node_modules/detect-libc": {
      "version": "1.0.3",
      "resolved": "https://registry.npmjs.org/detect-libc/-/detect-libc-1.0.3.tgz",
      "integrity": "sha512-pGjwhsmsp4kL2RTz08wcOlGN83otlqHeD/Z5T8GXZB+/YcpQ/dgo+lbU8ZsGxV0HIvqqxo9l7mqYwyYMD9bKDg==",
      "dev": true,
      "bin": {
        "detect-libc": "bin/detect-libc.js"
      },
      "engines": {
        "node": ">=0.10"
      }
    },
    "node_modules/lightningcss": {
      "version": "1.25.0",
      "resolved": "https://registry.npmjs.org/lightningcss/-/lightningcss-1.25.0.tgz",
      "integrity": "sha512-B08o6QQikGaY4rPuQohtFVE+X2++mm/QemwAJ/1sgnMgTwwUnafJbTmSSBWC8Tv4JPfhelXZB6sWA0Y/6eYJmQ==",
      "dev": true,
      "dependencies": {
        "detect-libc": "^1.0.3"
      },
      "engines": {
        "node": ">= 12.0.0"
      },
      "funding": {
        "type": "opencollective",
        "url": "https://opencollective.com/parcel"
      },
      "optionalDependencies": {
        "lightningcss-darwin-arm64": "1.25.0",
        "lightningcss-darwin-x64": "1.25.0",
        "lightningcss-freebsd-x64": "1.25.0",
        "lightningcss-linux-arm-gnueabihf": "1.25.0",
        "lightningcss-linux-arm64-gnu": "1.25.0",
        "lightningcss-linux-arm64-musl": "1.25.0",
        "lightningcss-linux-x64-gnu": "1.25.0",
        "lightningcss-linux-x64-musl": "1.25.0",
        "lightningcss-win32-x64-msvc": "1.25.0"
      }
    },
    "node_modules/lightningcss-cli": {
      "version": "1.25.0",
      "resolved": "https://registry.npmjs.org/lightningcss-cli/-/lightningcss-cli-1.25.0.tgz",
      "integrity": "sha512-UsLcVwygx/HmuRGkpNu83Ij5V3n3lt+G9r4VXxgcQp3YaFhs+RLjO0BQAWohPQhGpngctUo/zKJsWCm2aaIg4g==",
      "dev": true,
      "hasInstallScript": true,
      "dependencies": {
        "detect-libc": "^1.0.3"
      },
      "bin": {
        "lightningcss": "lightningcss"
      },
      "engines": {
        "node": ">= 12.0.0"
      },
      "funding": {
        "type": "opencollective",
        "url": "https://opencollective.com/parcel"
      },
      "optionalDependencies": {
        "lightningcss-cli-darwin-arm64": "1.25.0",
        "lightningcss-cli-darwin-x64": "1.25.0",
        "lightningcss-cli-freebsd-x64": "1.25.0",
        "lightningcss-cli-linux-arm-gnueabihf": "1.25.0",
        "lightningcss-cli-linux-arm64-gnu": "1.25.0",
        "lightningcss-cli-linux-arm64-musl": "1.25.0",
        "lightningcss-cli-linux-x64-gnu": "1.25.0",
        "lightningcss-cli-linux-x64-musl": "1.25.0",
        "lightningcss-cli-win32-x64-msvc": "1.25.0"
      }
    },
    "node_modules/lightningcss-cli-darwin-arm64": {
      "version": "1.25.0",
      "resolved": "https://registry.npmjs.org/lightningcss-cli-darwin-arm64/-/lightningcss-cli-darwin-arm64-1.25.0.tgz",
      "integrity": "sha512-J5UVo24LvLP9uRPPR5+eOvWRvya29FiK2ul0eF2E8BJo9LfoAjkHMaXbPsLiyNsosA9GVxQnO6QwZC6qDIZ56g==",
      "cpu": [
        "arm64"
      ],
      "dev": true,
      "optional": true,
      "os": [
        "darwin"
      ],
      "engines": {
        "node": ">= 12.0.0"
      },
      "funding": {
        "type": "opencollective",
        "url": "https://opencollective.com/parcel"
      }
    },
    "node_modules/lightningcss-cli-darwin-x64": {
      "version": "1.25.0",
      "resolved": "https://registry.npmjs.org/lightningcss-cli-darwin-x64/-/lightningcss-cli-darwin-x64-1.25.0.tgz",
      "integrity": "sha512-CRq0IlhQBO6F7QuMClB9MYdkPxmk8QeW3mXHK3eWH2p3Nx6KdGiLweg0kJEg6q0oZMysSUOphMdohMF9vBj2Jw==",
      "cpu": [
        "x64"
      ],
      "dev": true,
      "optional": true,
      "os": [
        "darwin"
      ],
      "engines": {
        "node": ">= 12.0.0"
      },
      "funding": {
        "type": "opencollective",
        "url": "https://opencollective.com/parcel"
      }
    },
    "node_modules/lightningcss-cli-freebsd-x64": {
      "version": "1.25.0",
      "resolved": "https://registry.npmjs.org/lightningcss-cli-freebsd-x64/-/lightningcss-cli-freebsd-x64-1.25.0.tgz",
      "integrity": "sha512-HlqRWBbBZ9HEdGX7v0PCgo5uE18SmeaDUQCb4lzU2vQHddAajGYhyoHvM7cWiBBmM/1UajhU6CzPF9SCaS12WQ==",
      "cpu": [
        "x64"
      ],
      "dev": true,
      "optional": true,
      "os": [
        "freebsd"
      ],
      "engines": {
        "node": ">= 12.0.0"
      },
      "funding": {
        "type": "opencollective",
        "url": "https://opencollective.com/parcel"
      }
    },
    "node_modules/lightningcss-cli-linux-arm-gnueabihf": {
      "version": "1.25.0",
      "resolved": "https://registry.npmjs.org/lightningcss-cli-linux-arm-gnueabihf/-/lightningcss-cli-linux-arm-gnueabihf-1.25.0.tgz",
      "integrity": "sha512-o2X3HtMuSAVv7b4dYhlKgvBLW9OyH2SGwfStEqmfNrngxFVLhK9eK/4JJmz3wDwyfdrCYJUAE9HIWrswOf6sNQ==",
      "cpu": [
        "arm"
      ],
      "dev": true,
      "optional": true,
      "os": [
        "linux"
      ],
      "engines": {
        "node": ">= 12.0.0"
      },
      "funding": {
        "type": "opencollective",
        "url": "https://opencollective.com/parcel"
      }
    },
    "node_modules/lightningcss-cli-linux-arm64-gnu": {
      "version": "1.25.0",
      "resolved": "https://registry.npmjs.org/lightningcss-cli-linux-arm64-gnu/-/lightningcss-cli-linux-arm64-gnu-1.25.0.tgz",
      "integrity": "sha512-PZ9iE6h2Ig+wtDIKtyEjJNLQxbrf4yvPzS2C7Ulgo0aU+ECfQqd02XkYLWtxnGkvbd5QKI/sZAWFAugQwctWQw==",
      "cpu": [
        "arm64"
      ],
      "dev": true,
      "optional": true,
      "os": [
        "linux"
      ],
      "engines": {
        "node": ">= 12.0.0"
      },
      "funding": {
        "type": "opencollective",
        "url": "https://opencollective.com/parcel"
      }
    },
    "node_modules/lightningcss-cli-linux-arm64-musl": {
      "version": "1.25.0",
      "resolved": "https://registry.npmjs.org/lightningcss-cli-linux-arm64-musl/-/lightningcss-cli-linux-arm64-musl-1.25.0.tgz",
      "integrity": "sha512-R7GZB72kvPM+CZieRKDZMhO+cucZtgW3SJH1aQ4sUfRvQjW50hopAfazH2OskbMOTlNV285Nb9l1tcz323I32w==",
      "cpu": [
        "arm64"
      ],
      "dev": true,
      "optional": true,
      "os": [
        "linux"
      ],
      "engines": {
        "node": ">= 12.0.0"
      },
      "funding": {
        "type": "opencollective",
        "url": "https://opencollective.com/parcel"
      }
    },
    "node_modules/lightningcss-cli-linux-x64-gnu": {
      "version": "1.25.0",
      "resolved": "https://registry.npmjs.org/lightningcss-cli-linux-x64-gnu/-/lightningcss-cli-linux-x64-gnu-1.25.0.tgz",
      "integrity": "sha512-Xw+8/JoYxJJ9VdhUZy64VTsRiLKNUOwhneRpk/WCktaM7prXbP7K7a0n4L82CwPeBBOF0DrctxM7urilLmxDGg==",
      "cpu": [
        "x64"
      ],
      "dev": true,
      "optional": true,
      "os": [
        "linux"
      ],
      "engines": {
        "node": ">= 12.0.0"
      },
      "funding": {
        "type": "opencollective",
        "url": "https://opencollective.com/parcel"
      }
    },
    "node_modules/lightningcss-cli-linux-x64-musl": {
      "version": "1.25.0",
      "resolved": "https://registry.npmjs.org/lightningcss-cli-linux-x64-musl/-/lightningcss-cli-linux-x64-musl-1.25.0.tgz",
      "integrity": "sha512-Mg2VCdWUy+tTq8y2RMAx62KXx5tR325sQtePrumhr67njN/qcZOzxqJ3cyYKoarc5qOjeyj2kPn+dJKCup164A==",
      "cpu": [
        "x64"
      ],
      "dev": true,
      "optional": true,
      "os": [
        "linux"
      ],
      "engines": {
        "node": ">= 12.0.0"
      },
      "funding": {
        "type": "opencollective",
        "url": "https://opencollective.com/parcel"
      }
    },
    "node_modules/lightningcss-cli-win32-x64-msvc": {
      "version": "1.25.0",
      "resolved": "https://registry.npmjs.org/lightningcss-cli-win32-x64-msvc/-/lightningcss-cli-win32-x64-msvc-1.25.0.tgz",
      "integrity": "sha512-OWheNVXQ6dhtupveNgxQ2cV1daC3fBXx1oIHM5FYWvgzmwH+5sH1AfKDo7hlzqojsUfoXJcjdjDFTZvahWgn+Q==",
      "cpu": [
        "x64"
      ],
      "dev": true,
      "optional": true,
      "os": [
        "win32"
      ],
      "engines": {
        "node": ">= 12.0.0"
      },
      "funding": {
        "type": "opencollective",
        "url": "https://opencollective.com/parcel"
      }
    },
    "node_modules/lightningcss-darwin-arm64": {
      "version": "1.25.0",
      "resolved": "https://registry.npmjs.org/lightningcss-darwin-arm64/-/lightningcss-darwin-arm64-1.25.0.tgz",
      "integrity": "sha512-neCU5PrQUAec/b2mpXv13rrBWObQVaG/y0yhGKzAqN9cj7lOv13Wegnpiro0M66XAxx/cIkZfmJstRfriOR2SQ==",
      "cpu": [
        "arm64"
      ],
      "dev": true,
      "optional": true,
      "os": [
        "darwin"
      ],
      "engines": {
        "node": ">= 12.0.0"
      },
      "funding": {
        "type": "opencollective",
        "url": "https://opencollective.com/parcel"
      }
    },
    "node_modules/lightningcss-darwin-x64": {
      "version": "1.25.0",
      "resolved": "https://registry.npmjs.org/lightningcss-darwin-x64/-/lightningcss-darwin-x64-1.25.0.tgz",
      "integrity": "sha512-h1XBxDHdED7TY4/1V30UNjiqXceGbcL8ARhUfbf8CWAEhD7wMKK/4UqMHi94RDl31ko4LTmt9fS2u1uyeWYE6g==",
      "cpu": [
        "x64"
      ],
      "dev": true,
      "optional": true,
      "os": [
        "darwin"
      ],
      "engines": {
        "node": ">= 12.0.0"
      },
      "funding": {
        "type": "opencollective",
        "url": "https://opencollective.com/parcel"
      }
    },
    "node_modules/lightningcss-freebsd-x64": {
      "version": "1.25.0",
      "resolved": "https://registry.npmjs.org/lightningcss-freebsd-x64/-/lightningcss-freebsd-x64-1.25.0.tgz",
      "integrity": "sha512-f7v6QwrqCFtQOG1Y7iZ4P1/EAmMsyUyRBrYbSmDxihMzdsL7xyTM753H2138/oCpam+maw2RZrXe/NA1r/I5cQ==",
      "cpu": [
        "x64"
      ],
      "dev": true,
      "optional": true,
      "os": [
        "freebsd"
      ],
      "engines": {
        "node": ">= 12.0.0"
      },
      "funding": {
        "type": "opencollective",
        "url": "https://opencollective.com/parcel"
      }
    },
    "node_modules/lightningcss-linux-arm-gnueabihf": {
      "version": "1.25.0",
      "resolved": "https://registry.npmjs.org/lightningcss-linux-arm-gnueabihf/-/lightningcss-linux-arm-gnueabihf-1.25.0.tgz",
      "integrity": "sha512-7KSVcjci9apHxUKNjiLKXn8hVQJqCtwFg5YNvTeKi/BM91A9lQTuO57RpmpPbRIb20Qm8vR7fZtL1iL5Yo3j9A==",
      "cpu": [
        "arm"
      ],
      "dev": true,
      "optional": true,
      "os": [
        "linux"
      ],
      "engines": {
        "node": ">= 12.0.0"
      },
      "funding": {
        "type": "opencollective",
        "url": "https://opencollective.com/parcel"
      }
    },
    "node_modules/lightningcss-linux-arm64-gnu": {
      "version": "1.25.0",
      "resolved": "https://registry.npmjs.org/lightningcss-linux-arm64-gnu/-/lightningcss-linux-arm64-gnu-1.25.0.tgz",
      "integrity": "sha512-1+6tuAsUyMVG5N2rzgwaOOf84yEU+Gjl71b+wLcz26lyM/ohgFgeqPWeB/Dor0wyUnq7vg184l8goGT26cRxoQ==",
      "cpu": [
        "arm64"
      ],
      "dev": true,
      "optional": true,
      "os": [
        "linux"
      ],
      "engines": {
        "node": ">= 12.0.0"
      },
      "funding": {
        "type": "opencollective",
        "url": "https://opencollective.com/parcel"
      }
    },
    "node_modules/lightningcss-linux-arm64-musl": {
      "version": "1.25.0",
      "resolved": "https://registry.npmjs.org/lightningcss-linux-arm64-musl/-/lightningcss-linux-arm64-musl-1.25.0.tgz",
      "integrity": "sha512-4kw3ZnGQzxD8KkaB4doqfi32hP5h3o04OlrdfZ7T9VLTbUxeh3YZUKcJmhINV2rdMOOmVODqaRw1kuvvF16Q+Q==",
      "cpu": [
        "arm64"
      ],
      "dev": true,
      "optional": true,
      "os": [
        "linux"
      ],
      "engines": {
        "node": ">= 12.0.0"
      },
      "funding": {
        "type": "opencollective",
        "url": "https://opencollective.com/parcel"
      }
    },
    "node_modules/lightningcss-linux-x64-gnu": {
      "version": "1.25.0",
      "resolved": "https://registry.npmjs.org/lightningcss-linux-x64-gnu/-/lightningcss-linux-x64-gnu-1.25.0.tgz",
      "integrity": "sha512-oVEP5rBrFQB5V7fRIPYkDxKLmd2fAbz9VagKWIRu1TlYDUFWXK4F3KztAtAKuD7tLMBSGGi1LMUueFzVe+cZbw==",
      "cpu": [
        "x64"
      ],
      "dev": true,
      "optional": true,
      "os": [
        "linux"
      ],
      "engines": {
        "node": ">= 12.0.0"
      },
      "funding": {
        "type": "opencollective",
        "url": "https://opencollective.com/parcel"
      }
    },
    "node_modules/lightningcss-linux-x64-musl": {
      "version": "1.25.0",
      "resolved": "https://registry.npmjs.org/lightningcss-linux-x64-musl/-/lightningcss-linux-x64-musl-1.25.0.tgz",
      "integrity": "sha512-7ssY6HwCvmPDohqtXuZG2Mh9q32LbVBhiF/SS/VMj2jUcXcsBilUEviq/zFDzhZMxl5f1lXi5/+mCuSGrMir1A==",
      "cpu": [
        "x64"
      ],
      "dev": true,
      "optional": true,
      "os": [
        "linux"
      ],
      "engines": {
        "node": ">= 12.0.0"
      },
      "funding": {
        "type": "opencollective",
        "url": "https://opencollective.com/parcel"
      }
    },
    "node_modules/lightningcss-win32-x64-msvc": {
      "version": "1.25.0",
      "resolved": "https://registry.npmjs.org/lightningcss-win32-x64-msvc/-/lightningcss-win32-x64-msvc-1.25.0.tgz",
      "integrity": "sha512-DUVxj1S6dCQkixQ5qiHcYojamxE02bgmSpc4p6lejPwW7WRd/pvDPDAr+BvZWAkX5MRphxB7ei6+93+42ZtvmQ==",
      "cpu": [
        "x64"
      ],
      "dev": true,
      "optional": true,
      "os": [
        "win32"
      ],
      "engines": {
        "node": ">= 12.0.0"
      },
      "funding": {
        "type": "opencollective",
        "url": "https://opencollective.com/parcel"
      }
    }
  }
}
